github.com/BurntSushi/toml v0.3.1 h1:WXkYYl6Yr3qBf1K79EBnL4mak0OimBfB0XUf9Vl28OQ=
github.com/BurntSushi/toml v0.3.1/go.mod h1:xHWCNGjB5oqiDr8zfno3MHue2Ht5sIBksp03qcyfWMU=
github.com/MemeLabs/dggchat v0.0.0-20201117114323-43344edb4906 h1:srAWLSWDRcP9tdN2MgszP1ENb3VUPBWAFYtF+Jb1jPY=
github.com/MemeLabs/dggchat v0.0.0-20201117114323-43344edb4906/go.mod h1:r7pnEgdWZ0QU6R0wMHxbPoEsv1xe8vJ7lCM2mfPj/cs=
github.com/awesome-gocui/gocui v0.6.0 h1:hhDJiQC12tEsJNJ+iZBBVaSSLFYo9llFuYpQlL5JZVI=
github.com/awesome-gocui/gocui v0.6.0/go.mod h1:1QikxFaPhe2frKeKvEwZEIGia3haiOxOUXKinrv17mA=
github.com/awesome-gocui/termbox-go v0.0.0-20190427202837-c0aef3d18bcc h1:wGNpKcHU8Aadr9yOzsT3GEsFLS7HQu8HxQIomnekqf0=
github.com/awesome-gocui/termbox-go v0.0.0-20190427202837-c0aef3d18bcc/go.mod h1:tOy3o5Nf1bA17mnK4W41gD7PS3u4Cv0P0pqFcoWMy8s=
github.com/gen2brain/beeep v0.0.0-20220909211152-5a9ec94374f6 h1:jFEK/SA/7E8lg9T33+y8D4Z0I782+bbiEjmyyklRzRQ=
github.com/gen2brain/beeep v0.0.0-20220909211152-5a9ec94374f6/go.mod h1:/WeFVhhxMOGypVKS0w8DUJxUBbHypnWkUVnW7p5c9Pw=
github.com/go-errors/errors v1.0.1 h1:LUHzmkK3GUKUrL/1gfBUxAHzcev3apQlezX/+O7ma6w=
github.com/go-errors/errors v1.0.1/go.mod h1:f4zRHt4oKfwPJE5k8C9vpYG+aDHdBFUsgrm6/TyX73Q=
github.com/go-toast/toast v0.0.0-20190211030409-01e6764cf0a4 h1:qZNfIGkIANxGv/OqtnntR4DfOY2+BgwR60cAcu/i3SE=
github.com/go-toast/toast v0.0.0-20190211030409-01e6764cf0a4/go.mod h1:kW3HQ4UdaAyrUCSSDR4xUzBKW6O2iA4uHhk7AtyYp10=
github.com/godbus/dbus/v5 v5.1.0 h1:4KLkAxT3aOY8Li4FRJe/KvhoNFFxo0m6fNuFUO8QJUk=
github.com/godbus/dbus/v5 v5.1.0/go.mod h1:xhWf0FNVPg57R7Z0UbKHbJfkEywrmjJnf7w5xrFpKfA=
github.com/gorilla/websocket v1.4.2 h1:+/TMaTYc4QFitKJxsQ7Yye35DkWvkdLcvGKqM+x0Ufc=
github.com/gorilla/websocket v1.4.2/go.mod h1:YR8l580nyteQvAITg2hZ9XVh4b55+EU/adAjf1fMHhE=
github.com/mattn/go-runewidth v0.0.4 h1:2BvfKmzob6Bmd4YsL0zygOqfdFnK7GR4QL06Do4/p7Y=
github.com/mattn/go-runewidth v0.0.4/go.mod h1:LwmH8dsx7+W8Uxz3IHJYH5QSwggIsqBzpuz5H//U1FU=
github.com/nu7hatch/gouuid v0.0.0-20131221200532-179d4d0c4d8d h1:VhgPp6v9qf9Agr/56bj7Y/xa04UccTW04VP0Qed4vnQ=
github.com/nu7hatch/gouuid v0.0.0-20131221200532-179d4d0c4d8d/go.mod h1:YUTz3bUH2ZwIWBy3CJBeOBEugqcmXREj14T+iG/4k4U=
github.com/tadvi/systray v0.0.0-20190226123456-11a2b8fa57af h1:6yITBqGTE2lEeTPG04SN9W+iWHCRyHqlVYILiSXziwk=
github.com/tadvi/systray v0.0.0-20190226123456-11a2b8fa57af/go.mod h1:4F09kP5F+am0jAwlQLddpoMDM+iewkxxt6nxUQ5nq5o=
golang.org/x/sys v0.0.0-20220319134239-a9b59b0215f8/go.mod h1:oPkhp1MJrh7nUepCBck5+mAzfO9JrbApNNgaTdGDITg=
golang.org/x/sys v0.2.0 h1:ljd4t30dBnAvMZaQCevtY0xLLD0A+bRZXbgLMLU1F/A=
golang.org/x/sys v0.2.0/go.mod h1:oPkhp1MJrh7nUepCBck5+mAzfO9JrbApNNgaTdGDITg=
